{
  "name": "1-intro",
  "lockfileVersion": 2,
  "requires": true,
  "packages": {
    "": {
      "devDependencies": {
        "@types/gsap": "^3.0.0"
      }
    },
    "node_modules/@types/gsap": {
      "version": "3.0.0",
      "resolved": "https://registry.npmjs.org/@types/gsap/-/gsap-3.0.0.tgz",
      "integrity": "sha512-BbWLi4WRHGze4C8NV7U7yRevuBFiPkPZZyGa0rryanvh/9HPUFXTNBXsGQxJZJq7Ix7j4RXMYodP3s+OsqCErg==",
      "deprecated": "This is a stub types definition. gsap provides its own type definitions, so you do not need this installed.",
      "dev": true,
      "dependencies": {
        "gsap": "*"
      }
    },
    "node_modules/gsap": {
      "version": "3.9.1",
      "resolved": "https://registry.npmjs.org/gsap/-/gsap-3.9.1.tgz",
      "integrity": "sha512-JSGVYoC6da4pIjdF/yxFU6Rz8OojOIDkbooveZlfNg0+JIoFoRruyfWAEi6R/gUeNcuOiTqUIb0gi1nCNrHf8w==",
      "dev": true
    }
  },
  "dependencies": {
    "@types/gsap": {
      "version": "3.0.0",
      "resolved": "https://registry.npmjs.org/@types/gsap/-/gsap-3.0.0.tgz",
      "integrity": "sha512-BbWLi4WRHGze4C8NV7U7yRevuBFiPkPZZyGa0rryanvh/9HPUFXTNBXsGQxJZJq7Ix7j4RXMYodP3s+OsqCErg==",
      "dev": true,
      "requires": {
        "gsap": "*"
      }
    },
    "gsap": {
      "version": "3.9.1",
      "resolved": "https://registry.npmjs.org/gsap/-/gsap-3.9.1.tgz",
      "integrity": "sha512-JSGVYoC6da4pIjdF/yxFU6Rz8OojOIDkbooveZlfNg0+JIoFoRruyfWAEi6R/gUeNcuOiTqUIb0gi1nCNrHf8w==",
      "dev": true
    }
  }
}
